
Microsoft Visual Studio Solution File, Format Version 12.00
# Visual Studio Version 16
VisualStudioVersion = 16.0.30611.23
MinimumVisualStudioVersion = 10.0.40219.1
Project("{FAE04EC0-301F-11D3-BF4B-00C04F79EFBC}") = "Module 2", "Module 2\Module 2.csproj", "{70F06833-DC13-4726-A212-C8FFC666A3EE}"
EndProject
Global
	GlobalSection(SolutionConfigurationPlatforms) = preSolution
		Debug|Any CPU = Debug|Any CPU
		Release|Any CPU = Release|Any CPU
	EndGlobalSection
	GlobalSection(ProjectConfigurationPlatforms) = postSolution
		{70F06833-DC13-4726-A212-C8FFC666A3EE}.Debug|Any CPU.ActiveCfg = Debug|Any CPU
		{70F06833-DC13-4726-A212-C8FFC666A3EE}.Debug|Any CPU.Build.0 = Debug|Any CPU
		{70F06833-DC13-4726-A212-C8FFC666A3EE}.Release|Any CPU.ActiveCfg = Release|Any CPU
		{70F06833-DC13-4726-A212-C8FFC666A3EE}.Release|Any CPU.Build.0 = Release|Any CPU
	EndGlobalSection
	GlobalSection(SolutionProperties) = preSolution
		HideSolutionNode = FALSE
	EndGlobalSection
	GlobalSection(ExtensibilityGlobals) = postSolution
		SolutionGuid = {0CA68D73-026C-4A45-B36F-04EAC11907BF}
	EndGlobalSection
EndGlobal
