
Microsoft Visual Studio Solution File, Format Version 12.00
# Visual Studio Version 16
VisualStudioVersion = 16.0.30611.23
MinimumVisualStudioVersion = 10.0.40219.1
Project("{FAE04EC0-301F-11D3-BF4B-00C04F79EFBC}") = "Module 1", "Module 1\Module 1.csproj", "{B015CF27-BCDD-478A-ABC1-44A4CB16D706}"
EndProject
Global
	GlobalSection(SolutionConfigurationPlatforms) = preSolution
		Debug|Any CPU = Debug|Any CPU
		Release|Any CPU = Release|Any CPU
	EndGlobalSection
	GlobalSection(ProjectConfigurationPlatforms) = postSolution
		{B015CF27-BCDD-478A-ABC1-44A4CB16D706}.Debug|Any CPU.ActiveCfg = Debug|Any CPU
		{B015CF27-BCDD-478A-ABC1-44A4CB16D706}.Debug|Any CPU.Build.0 = Debug|Any CPU
		{B015CF27-BCDD-478A-ABC1-44A4CB16D706}.Release|Any CPU.ActiveCfg = Release|Any CPU
		{B015CF27-BCDD-478A-ABC1-44A4CB16D706}.Release|Any CPU.Build.0 = Release|Any CPU
	EndGlobalSection
	GlobalSection(SolutionProperties) = preSolution
		HideSolutionNode = FALSE
	EndGlobalSection
	GlobalSection(ExtensibilityGlobals) = postSolution
		SolutionGuid = {037E3E0E-1BBB-4789-BBB0-D73E359348FC}
	EndGlobalSection
EndGlobal
