
Microsoft Visual Studio Solution File, Format Version 12.00
# Visual Studio Version 16
VisualStudioVersion = 16.0.30611.23
MinimumVisualStudioVersion = 10.0.40219.1
Project("{FAE04EC0-301F-11D3-BF4B-00C04F79EFBC}") = "Module 3", "Module 3\Module 3.csproj", "{B868E312-3B12-4BFA-9A8C-35EAFD543F4A}"
EndProject
Global
	GlobalSection(SolutionConfigurationPlatforms) = preSolution
		Debug|Any CPU = Debug|Any CPU
		Release|Any CPU = Release|Any CPU
	EndGlobalSection
	GlobalSection(ProjectConfigurationPlatforms) = postSolution
		{B868E312-3B12-4BFA-9A8C-35EAFD543F4A}.Debug|Any CPU.ActiveCfg = Debug|Any CPU
		{B868E312-3B12-4BFA-9A8C-35EAFD543F4A}.Debug|Any CPU.Build.0 = Debug|Any CPU
		{B868E312-3B12-4BFA-9A8C-35EAFD543F4A}.Release|Any CPU.ActiveCfg = Release|Any CPU
		{B868E312-3B12-4BFA-9A8C-35EAFD543F4A}.Release|Any CPU.Build.0 = Release|Any CPU
	EndGlobalSection
	GlobalSection(SolutionProperties) = preSolution
		HideSolutionNode = FALSE
	EndGlobalSection
	GlobalSection(ExtensibilityGlobals) = postSolution
		SolutionGuid = {E48A0E7F-728A-477C-98B4-3AC5E8E7829B}
	EndGlobalSection
EndGlobal
